version = 1
requires-python = "==3.12.*"

[[package]]
name = "affine"
version = "2.4.0"
source = { registry = "https://pypi.org/simple" }
sdist = { url = "https://files.pythonhosted.org/packages/69/98/d2f0bb06385069e799fc7d2870d9e078cfa0fa396dc8a2b81227d0da08b9/affine-2.4.0.tar.gz", hash = "sha256:a24d818d6a836c131976d22f8c27b8d3ca32d0af64c1d8d29deb7bafa4da1eea", size = 17132 }
wheels = [
    { url = "https://files.pythonhosted.org/packages/0b/f7/85273299ab57117850cc0a936c64151171fac4da49bc6fba0dad984a7c5f/affine-2.4.0-py3-none-any.whl", hash = "sha256:8a3df80e2b2378aef598a83c1392efd47967afec4242021a0b06b4c7cbc61a92", size = 15662 },
]

[[package]]
name = "attrs"
version = "26.1.0"
source = { registry = "https://pypi.org/simple" }
sdist = { url = "https://files.pythonhosted.org/packages/9a/8e/82a0fe20a541c03148528be8cac2408564a6c9a0cc7e9171802bc1d26985/attrs-26.1.0.tar.gz", hash = "sha256:d03ceb89cb322a8fd706d4fb91940737b6642aa36998fe130a9bc96c985eff32", size = 952055 }
wheels = [
    { url = "https://files.pythonhosted.org/packages/64/b4/17d4b0b2a2dc85a6df63d1157e028ed19f90d4cd97c36717afef2bc2f395/attrs-26.1.0-py3-none-any.whl", hash = "sha256:c647aa4a12dfbad9333ca4e71fe62ddc36f4e63b2d260a37a8b83d2f043ac309", size = 67548 },
]

[[package]]
name = "certifi"
version = "2026.2.25"
source = { registry = "https://pypi.org/simple" }
sdist = { url = "https://files.pythonhosted.org/packages/af/2d/7bf41579a8986e348fa033a31cdd0e4121114f6bce2457e8876010b092dd/certifi-2026.2.25.tar.gz", hash = "sha256:e887ab5cee78ea814d3472169153c2d12cd43b14bd03329a39a9c6e2e80bfba7", size = 155029 }
wheels = [
    { url = "https://files.pythonhosted.org/packages/9a/3c/c17fb3ca2d9c3acff52e30b309f538586f9f5b9c9cf454f3845fc9af4881/certifi-2026.2.25-py3-none-any.whl", hash = "sha256:027692e4402ad994f1c42e52a4997a9763c646b73e4096e4d5d6db8af1d6f0fa", size = 153684 },
]

[[package]]
name = "click"
version = "8.2.1"
source = { registry = "https://pypi.org/simple" }
dependencies = [
    { name = "colorama", marker = "sys_platform == 'win32'" },
]
sdist = { url = "https://files.pythonhosted.org/packages/60/6c/8ca2efa64cf75a977a0d7fac081354553ebe483345c734fb6b6515d96bbc/click-8.2.1.tar.gz", hash = "sha256:27c491cc05d968d271d5a1db13e3b5a184636d9d930f148c50b038f0d0646202", size = 286342 }
wheels = [
    { url = "https://files.pythonhosted.org/packages/85/32/10bb5764d90a8eee674e9dc6f4db6a0ab47c8c4d0d83c27f7c39ac415a4d/click-8.2.1-py3-none-any.whl", hash = "sha256:61a3265b914e850b85317d0b3109c7f8cd35a670f963866005d6ef1d5175a12b", size = 102215 },
]

[[package]]
name = "click-plugins"
version = "1.1.1.2"
source = { registry = "https://pypi.org/simple" }
dependencies = [
    { name = "click" },
]
sdist = { url = "https://files.pythonhosted.org/packages/c3/a4/34847b59150da33690a36da3681d6bbc2ec14ee9a846bc30a6746e5984e4/click_plugins-1.1.1.2.tar.gz", hash = "sha256:d7af3984a99d243c131aa1a828331e7630f4a88a9741fd05c927b204bcf92261", size = 8343 }
wheels = [
    { url = "https://files.pythonhosted.org/packages/3d/9a/2abecb28ae875e39c8cad711eb1186d8d14eab564705325e77e4e6ab9ae5/click_plugins-1.1.1.2-py2.py3-none-any.whl", hash = "sha256:008d65743833ffc1f5417bf0e78e8d2c23aab04d9745ba817bd3e71b0feb6aa6", size = 11051 },
]

[[package]]
name = "cligj"
version = "0.7.2"
source = { registry = "https://pypi.org/simple" }
dependencies = [
    { name = "click" },
]
sdist = { url = "https://files.pythonhosted.org/packages/ea/0d/837dbd5d8430fd0f01ed72c4cfb2f548180f4c68c635df84ce87956cff32/cligj-0.7.2.tar.gz", hash = "sha256:a4bc13d623356b373c2c27c53dbd9c68cae5d526270bfa71f6c6fa69669c6b27", size = 9803 }
wheels = [
    { url = "https://files.pythonhosted.org/packages/73/86/43fa9f15c5b9fb6e82620428827cd3c284aa933431405d1bcf5231ae3d3e/cligj-0.7.2-py3-none-any.whl", hash = "sha256:c1ca117dbce1fe20a5809dc96f01e1c2840f6dcc939b3ddbb1111bf330ba82df", size = 7069 },
]

[[package]]
name = "colorama"
version = "0.4.6"
source = { registry = "https://pypi.org/simple" }
sdist = { url = "https://files.pythonhosted.org/packages/d8/53/6f443c9a4a8358a93a6792e2acffb9d9d5cb0a5cfd8802644b7b1c9a02e4/colorama-0.4.6.tar.gz", hash = "sha256:08695f5cb7ed6e0531a20572697297273c47b8cae5a63ffc6d6ed5c201be6e44", size = 27697 }
wheels = [
    { url = "https://files.pythonhosted.org/packages/d1/d6/3965ed04c63042e047cb6a3e6ed1a63a35087b6a609aa3a15ed8ac56c221/colorama-0.4.6-py2.py3-none-any.whl", hash = "sha256:4f1d9991f5acc0ca119f9d443620b77f9d6b33703e51011c16baf57afb285fc6", size = 25335 },
]

[[package]]
name = "imageio"
version = "2.37.3"
source = { registry = "https://pypi.org/simple" }
dependencies = [
    { name = "numpy" },
    { name = "pillow" },
]
sdist = { url = "https://files.pythonhosted.org/packages/b1/84/93bcd1300216ea50811cee96873b84a1bebf8d0489ffaf7f2a3756bab866/imageio-2.37.3.tar.gz", hash = "sha256:bbb37efbfc4c400fcd534b367b91fcd66d5da639aaa138034431a1c5e0a41451", size = 389673 }
wheels = [
    { url = "https://files.pythonhosted.org/packages/49/fa/391e437a34e55095173dca5f24070d89cbc233ff85bf1c29c93248c6588d/imageio-2.37.3-py3-none-any.whl", hash = "sha256:46f5bb8522cd421c0f5ae104d8268f569d856b29eb1a13b92829d1970f32c9f0", size = 317646 },
]

[[package]]
name = "lazy-loader"
version = "0.5"
source = { registry = "https://pypi.org/simple" }
dependencies = [
    { name = "packaging" },
]
sdist = { url = "https://files.pythonhosted.org/packages/49/ac/21a1f8aa3777f5658576777ea76bfb124b702c520bbe90edf4ae9915eafa/lazy_loader-0.5.tar.gz", hash = "sha256:717f9179a0dbed357012ddad50a5ad3d5e4d9a0b8712680d4e687f5e6e6ed9b3", size = 15294 }
wheels = [
    { url = "https://files.pythonhosted.org/packages/8a/a1/8d812e53a5da1687abb10445275d41a8b13adb781bbf7196ddbcf8d88505/lazy_loader-0.5-py3-none-any.whl", hash = "sha256:ab0ea149e9c554d4ffeeb21105ac60bed7f3b4fd69b1d2360a4add51b170b005", size = 8044 },
]

[[package]]
name = "loguru"
version = "0.7.3"
source = { registry = "https://pypi.org/simple" }
dependencies = [
    { name = "colorama", marker = "sys_platform == 'win32'" },
    { name = "win32-setctime", marker = "sys_platform == 'win32'" },
]
sdist = { url = "https://files.pythonhosted.org/packages/3a/05/a1dae3dffd1116099471c643b8924f5aa6524411dc6c63fdae648c4f1aca/loguru-0.7.3.tar.gz", hash = "sha256:19480589e77d47b8d85b2c827ad95d49bf31b0dcde16593892eb51dd18706eb6", size = 63559 }
wheels = [
    { url = "https://files.pythonhosted.org/packages/0c/29/0348de65b8cc732daa3e33e67806420b2ae89bdce2b04af740289c5c6c8c/loguru-0.7.3-py3-none-any.whl", hash = "sha256:31a33c10c8e1e10422bfd431aeb5d351c7cf7fa671e3c4df004162264b28220c", size = 61595 },
]

[[package]]
name = "networkx"
version = "3.6.1"
source = { registry = "https://pypi.org/simple" }
sdist = { url = "https://files.pythonhosted.org/packages/6a/51/63fe664f3908c97be9d2e4f1158eb633317598cfa6e1fc14af5383f17512/networkx-3.6.1.tar.gz", hash = "sha256:26b7c357accc0c8cde558ad486283728b65b6a95d85ee1cd66bafab4c8168509", size = 2517025 }
wheels = [
    { url = "https://files.pythonhosted.org/packages/9e/c9/b2622292ea83fbb4ec318f5b9ab867d0a28ab43c5717bb85b0a5f6b3b0a4/networkx-3.6.1-py3-none-any.whl", hash = "sha256:d47fbf302e7d9cbbb9e2555a0d267983d2aa476bac30e90dfbe5669bd57f3762", size = 2068504 },
]

[[package]]
name = "numpy"
version = "2.2.6"
source = { registry = "https://pypi.org/simple" }
sdist = { url = "https://files.pythonhosted.org/packages/76/21/7d2a95e4bba9dc13d043ee156a356c0a8f0c6309dff6b21b4d71a073b8a8/numpy-2.2.6.tar.gz", hash = "sha256:e29554e2bef54a90aa5cc07da6ce955accb83f21ab5de01a62c8478897b264fd", size = 20276440 }
wheels = [
    { url = "https://files.pythonhosted.org/packages/82/5d/c00588b6cf18e1da539b45d3598d3557084990dcc4331960c15ee776ee41/numpy-2.2.6-cp312-cp312-macosx_10_13_x86_64.whl", hash = "sha256:41c5a21f4a04fa86436124d388f6ed60a9343a6f767fced1a8a71c3fbca038ff", size = 20875348 },
    { url = "https://files.pythonhosted.org/packages/66/ee/560deadcdde6c2f90200450d5938f63a34b37e27ebff162810f716f6a230/numpy-2.2.6-cp312-cp312-macosx_11_0_arm64.whl", hash = "sha256:de749064336d37e340f640b05f24e9e3dd678c57318c7289d222a8a2f543e90c", size = 14119362 },
    { url = "https://files.pythonhosted.org/packages/3c/65/4baa99f1c53b30adf0acd9a5519078871ddde8d2339dc5a7fde80d9d87da/numpy-2.2.6-cp312-cp312-macosx_14_0_arm64.whl", hash = "sha256:894b3a42502226a1cac872f840030665f33326fc3dac8e57c607905773cdcde3", size = 5084103 },
    { url = "https://files.pythonhosted.org/packages/cc/89/e5a34c071a0570cc40c9a54eb472d113eea6d002e9ae12bb3a8407fb912e/numpy-2.2.6-cp312-cp312-macosx_14_0_x86_64.whl", hash = "sha256:71594f7c51a18e728451bb50cc60a3ce4e6538822731b2933209a1f3614e9282", size = 6625382 },
    { url = "https://files.pythonhosted.org/packages/f8/35/8c80729f1ff76b3921d5c9487c7ac3de9b2a103b1cd05e905b3090513510/numpy-2.2.6-cp312-cp312-manylinux_2_17_aarch64.manylinux2014_aarch64.whl", hash = "sha256:f2618db89be1b4e05f7a1a847a9c1c0abd63e63a1607d892dd54668dd92faf87", size = 14018462 },
    { url = "https://files.pythonhosted.org/packages/8c/3d/1e1db36cfd41f895d266b103df00ca5b3cbe965184df824dec5c08c6b803/numpy-2.2.6-cp312-cp312-manylinux_2_17_x86_64.manylinux2014_x86_64.whl", hash = "sha256:fd83c01228a688733f1ded5201c678f0c53ecc1006ffbc404db9f7a899ac6249", size = 16527618 },
    { url = "https://files.pythonhosted.org/packages/61/c6/03ed30992602c85aa3cd95b9070a514f8b3c33e31124694438d88809ae36/numpy-2.2.6-cp312-cp312-musllinux_1_2_aarch64.whl", hash = "sha256:37c0ca431f82cd5fa716eca9506aefcabc247fb27ba69c5062a6d3ade8cf8f49", size = 15505511 },
    { url = "https://files.pythonhosted.org/packages/b7/25/5761d832a81df431e260719ec45de696414266613c9ee268394dd5ad8236/numpy-2.2.6-cp312-cp312-musllinux_1_2_x86_64.whl", hash = "sha256:fe27749d33bb772c80dcd84ae7e8df2adc920ae8297400dabec45f0dedb3f6de", size = 18313783 },
    { url = "https://files.pythonhosted.org/packages/57/0a/72d5a3527c5ebffcd47bde9162c39fae1f90138c961e5296491ce778e682/numpy-2.2.6-cp312-cp312-win32.whl", hash = "sha256:4eeaae00d789f66c7a25ac5f34b71a7035bb474e679f410e5e1a94deb24cf2d4", size = 6246506 },
    { url = "https://files.pythonhosted.org/packages/36/fa/8c9210162ca1b88529ab76b41ba02d433fd54fecaf6feb70ef9f124683f1/numpy-2.2.6-cp312-cp312-win_amd64.whl", hash = "sha256:c1f9540be57940698ed329904db803cf7a402f3fc200bfe599334c9bd84a40b2", size = 12614190 },
]

[[package]]
name = "otsu"
version = "0.1.0"
source = { editable = "." }
dependencies = [
    { name = "click" },
    { name = "loguru" },
    { name = "numpy" },
    { name = "rasterio" },
    { name = "scikit-image" },
]

[package.metadata]
requires-dist = [
    { name = "click", specifier = "==8.2.1" },
    { name = "loguru", specifier = "==0.7.3" },
    { name = "numpy", specifier = "==2.2.6" },
    { name = "rasterio", specifier = "==1.4.3" },
    { name = "scikit-image", specifier = "==0.25.2" },
]

[[package]]
name = "packaging"
version = "26.0"
source = { registry = "https://pypi.org/simple" }
sdist = { url = "https://files.pythonhosted.org/packages/65/ee/299d360cdc32edc7d2cf530f3accf79c4fca01e96ffc950d8a52213bd8e4/packaging-26.0.tar.gz", hash = "sha256:00243ae351a257117b6a241061796684b084ed1c516a08c48a3f7e147a9d80b4", size = 143416 }
wheels = [
    { url = "https://files.pythonhosted.org/packages/b7/b9/c538f279a4e237a006a2c98387d081e9eb060d203d8ed34467cc0f0b9b53/packaging-26.0-py3-none-any.whl", hash = "sha256:b36f1fef9334a5588b4166f8bcd26a14e521f2b55e6b9de3aaa80d3ff7a37529", size = 74366 },
]

[[package]]
name = "pillow"
version = "12.1.1"
source = { registry = "https://pypi.org/simple" }
sdist = { url = "https://files.pythonhosted.org/packages/1f/42/5c74462b4fd957fcd7b13b04fb3205ff8349236ea74c7c375766d6c82288/pillow-12.1.1.tar.gz", hash = "sha256:9ad8fa5937ab05218e2b6a4cff30295ad35afd2f83ac592e68c0d871bb0fdbc4", size = 46980264 }
wheels = [
    { url = "https://files.pythonhosted.org/packages/07/d3/8df65da0d4df36b094351dce696f2989bec731d4f10e743b1c5f4da4d3bf/pillow-12.1.1-cp312-cp312-macosx_10_13_x86_64.whl", hash = "sha256:ab323b787d6e18b3d91a72fc99b1a2c28651e4358749842b8f8dfacd28ef2052", size = 5262803 },
    { url = "https://files.pythonhosted.org/packages/d6/71/5026395b290ff404b836e636f51d7297e6c83beceaa87c592718747e670f/pillow-12.1.1-cp312-cp312-macosx_11_0_arm64.whl", hash = "sha256:adebb5bee0f0af4909c30db0d890c773d1a92ffe83da908e2e9e720f8edf3984", size = 4657601 },
    { url = "https://files.pythonhosted.org/packages/b1/2e/1001613d941c67442f745aff0f7cc66dd8df9a9c084eb497e6a543ee6f7e/pillow-12.1.1-cp312-cp312-manylinux2014_aarch64.manylinux_2_17_aarch64.whl", hash = "sha256:bb66b7cc26f50977108790e2456b7921e773f23db5630261102233eb355a3b79", size = 6234995 },
    { url = "https://files.pythonhosted.org/packages/07/26/246ab11455b2549b9233dbd44d358d033a2f780fa9007b61a913c5b2d24e/pillow-12.1.1-cp312-cp312-manylinux2014_x86_64.manylinux_2_17_x86_64.whl", hash = "sha256:aee2810642b2898bb187ced9b349e95d2a7272930796e022efaf12e99dccd293", size = 8045012 },
    { url = "https://files.pythonhosted.org/packages/b2/8b/07587069c27be7535ac1fe33874e32de118fbd34e2a73b7f83436a88368c/pillow-12.1.1-cp312-cp312-manylinux_2_27_aarch64.manylinux_2_28_aarch64.whl", hash = "sha256:a0b1cd6232e2b618adcc54d9882e4e662a089d5768cd188f7c245b4c8c44a397", size = 6349638 },
    { url = "https://files.pythonhosted.org/packages/ff/79/6df7b2ee763d619cda2fb4fea498e5f79d984dae304d45a8999b80d6cf5c/pillow-12.1.1-cp312-cp312-manylinux_2_27_x86_64.manylinux_2_28_x86_64.whl", hash = "sha256:7aac39bcf8d4770d089588a2e1dd111cbaa42df5a94be3114222057d68336bd0", size = 7041540 },
    { url = "https://files.pythonhosted.org/packages/2c/5e/2ba19e7e7236d7529f4d873bdaf317a318896bac289abebd4bb00ef247f0/pillow-12.1.1-cp312-cp312-musllinux_1_2_aarch64.whl", hash = "sha256:ab174cd7d29a62dd139c44bf74b698039328f45cb03b4596c43473a46656b2f3", size = 6462613 },
    { url = "https://files.pythonhosted.org/packages/03/03/31216ec124bb5c3dacd74ce8efff4cc7f52643653bad4825f8f08c697743/pillow-12.1.1-cp312-cp312-musllinux_1_2_x86_64.whl", hash = "sha256:339ffdcb7cbeaa08221cd401d517d4b1fe7a9ed5d400e4a8039719238620ca35", size = 7166745 },
    { url = "https://files.pythonhosted.org/packages/1f/e7/7c4552d80052337eb28653b617eafdef39adfb137c49dd7e831b8dc13bc5/pillow-12.1.1-cp312-cp312-win32.whl", hash = "sha256:5d1f9575a12bed9e9eedd9a4972834b08c97a352bd17955ccdebfeca5913fa0a", size = 6328823 },
    { url = "https://files.pythonhosted.org/packages/3d/17/688626d192d7261bbbf98846fc98995726bddc2c945344b65bec3a29d731/pillow-12.1.1-cp312-cp312-win_amd64.whl", hash = "sha256:21329ec8c96c6e979cd0dfd29406c40c1d52521a90544463057d2aaa937d66a6", size = 7033367 },
    { url = "https://files.pythonhosted.org/packages/ed/fe/a0ef1f73f939b0eca03ee2c108d0043a87468664770612602c63266a43c4/pillow-12.1.1-cp312-cp312-win_arm64.whl", hash = "sha256:af9a332e572978f0218686636610555ae3defd1633597be015ed50289a03c523", size = 2453811 },
]

[[package]]
name = "pyparsing"
version = "3.3.2"
source = { registry = "https://pypi.org/simple" }
sdist = { url = "https://files.pythonhosted.org/packages/f3/91/9c6ee907786a473bf81c5f53cf703ba0957b23ab84c264080fb5a450416f/pyparsing-3.3.2.tar.gz", hash = "sha256:c777f4d763f140633dcb6d8a3eda953bf7a214dc4eff598413c070bcdc117cbc", size = 6851574 }
wheels = [
    { url = "https://files.pythonhosted.org/packages/10/bd/c038d7cc38edc1aa5bf91ab8068b63d4308c66c4c8bb3cbba7dfbc049f9c/pyparsing-3.3.2-py3-none-any.whl", hash = "sha256:850ba148bd908d7e2411587e247a1e4f0327839c40e2e5e6d05a007ecc69911d", size = 122781 },
]

[[package]]
name = "rasterio"
version = "1.4.3"
source = { registry = "https://pypi.org/simple" }
dependencies = [
    { name = "affine" },
    { name = "attrs" },
    { name = "certifi" },
    { name = "click" },
    { name = "click-plugins" },
    { name = "cligj" },
    { name = "numpy" },
    { name = "pyparsing" },
]
sdist = { url = "https://files.pythonhosted.org/packages/de/19/ab4326e419b543da623ce4191f68e3f36a4d9adc64f3df5c78f044d8d9ca/rasterio-1.4.3.tar.gz", hash = "sha256:201f05dbc7c4739dacb2c78a1cf4e09c0b7265b0a4d16ccbd1753ce4f2af350a", size = 442990 }
wheels = [
    { url = "https://files.pythonhosted.org/packages/5a/f2/b7417292ceace70d815760f7e41fe5b0244ebff78ede11b1ffa9ca01c370/rasterio-1.4.3-cp312-cp312-macosx_10_15_x86_64.whl", hash = "sha256:e703e4b2c74c678786d5d110a3f30e26f3acfd65f09ccf35f69683a532f7a772", size = 21514543 },
    { url = "https://files.pythonhosted.org/packages/b2/ea/e21010457847b26bb4aea3983e9b44afbcefef07defc5e9a3285a8fe2f0c/rasterio-1.4.3-cp312-cp312-macosx_14_0_arm64.whl", hash = "sha256:38a126f8dbf405cd3450b5bd10c6cc493a2e1be4cf83442d26f5e4f412372d36", size = 18735924 },
    { url = "https://files.pythonhosted.org/packages/67/72/331727423b28fffdfd8bf18bdc55c18d374c0fefd2dde390cd833f8f4477/rasterio-1.4.3-cp312-cp312-manylinux_2_17_x86_64.manylinux2014_x86_64.whl", hash = "sha256:8e90c2c300294265c16becc9822337ded0f01fb8664500b4d77890d633d8cd0e", size = 22251721 },
    { url = "https://files.pythonhosted.org/packages/be/cc/453816b489af94b9a243eda889865973d518989ba6923b2381f6d6722b43/rasterio-1.4.3-cp312-cp312-win_amd64.whl", hash = "sha256:a962ad4c29feaf38b1d7a94389313127de3646a5b9b734fbf9a04e16051a27ff", size = 25430154 },
]

[[package]]
name = "scikit-image"
version = "0.25.2"
source = { registry = "https://pypi.org/simple" }
dependencies = [
    { name = "imageio" },
    { name = "lazy-loader" },
    { name = "networkx" },
    { name = "numpy" },
    { name = "packaging" },
    { name = "pillow" },
    { name = "scipy" },
    { name = "tifffile" },
]
sdist = { url = "https://files.pythonhosted.org/packages/c7/a8/3c0f256012b93dd2cb6fda9245e9f4bff7dc0486880b248005f15ea2255e/scikit_image-0.25.2.tar.gz", hash = "sha256:e5a37e6cd4d0c018a7a55b9d601357e3382826d3888c10d0213fc63bff977dde", size = 22693594 }
wheels = [
    { url = "https://files.pythonhosted.org/packages/35/8c/5df82881284459f6eec796a5ac2a0a304bb3384eec2e73f35cfdfcfbf20c/scikit_image-0.25.2-cp312-cp312-macosx_10_13_x86_64.whl", hash = "sha256:8db8dd03663112783221bf01ccfc9512d1cc50ac9b5b0fe8f4023967564719fb", size = 13986000 },
    { url = "https://files.pythonhosted.org/packages/ce/e6/93bebe1abcdce9513ffec01d8af02528b4c41fb3c1e46336d70b9ed4ef0d/scikit_image-0.25.2-cp312-cp312-macosx_12_0_arm64.whl", hash = "sha256:483bd8cc10c3d8a7a37fae36dfa5b21e239bd4ee121d91cad1f81bba10cfb0ed", size = 13235893 },
    { url = "https://files.pythonhosted.org/packages/53/4b/eda616e33f67129e5979a9eb33c710013caa3aa8a921991e6cc0b22cea33/scikit_image-0.25.2-cp312-cp312-manylinux_2_17_aarch64.manylinux2014_aarch64.whl", hash = "sha256:9d1e80107bcf2bf1291acfc0bf0425dceb8890abe9f38d8e94e23497cbf7ee0d", size = 14178389 },
    { url = "https://files.pythonhosted.org/packages/6b/b5/b75527c0f9532dd8a93e8e7cd8e62e547b9f207d4c11e24f0006e8646b36/scikit_image-0.25.2-cp312-cp312-manylinux_2_17_x86_64.manylinux2014_x86_64.whl", hash = "sha256:a17e17eb8562660cc0d31bb55643a4da996a81944b82c54805c91b3fe66f4824", size = 15003435 },
    { url = "https://files.pythonhosted.org/packages/34/e3/49beb08ebccda3c21e871b607c1cb2f258c3fa0d2f609fed0a5ba741b92d/scikit_image-0.25.2-cp312-cp312-win_amd64.whl", hash = "sha256:bdd2b8c1de0849964dbc54037f36b4e9420157e67e45a8709a80d727f52c7da2", size = 12899474 },
]

[[package]]
name = "scipy"
version = "1.17.1"
source = { registry = "https://pypi.org/simple" }
dependencies = [
    { name = "numpy" },
]
sdist = { url = "https://files.pythonhosted.org/packages/7a/97/5a3609c4f8d58b039179648e62dd220f89864f56f7357f5d4f45c29eb2cc/scipy-1.17.1.tar.gz", hash = "sha256:95d8e012d8cb8816c226aef832200b1d45109ed4464303e997c5b13122b297c0", size = 30573822 }
wheels = [
    { url = "https://files.pythonhosted.org/packages/35/48/b992b488d6f299dbe3f11a20b24d3dda3d46f1a635ede1c46b5b17a7b163/scipy-1.17.1-cp312-cp312-macosx_10_14_x86_64.whl", hash = "sha256:35c3a56d2ef83efc372eaec584314bd0ef2e2f0d2adb21c55e6ad5b344c0dcb8", size = 31610954 },
    { url = "https://files.pythonhosted.org/packages/b2/02/cf107b01494c19dc100f1d0b7ac3cc08666e96ba2d64db7626066cee895e/scipy-1.17.1-cp312-cp312-macosx_12_0_arm64.whl", hash = "sha256:fcb310ddb270a06114bb64bbe53c94926b943f5b7f0842194d585c65eb4edd76", size = 28172662 },
    { url = "https://files.pythonhosted.org/packages/cf/a9/599c28631bad314d219cf9ffd40e985b24d603fc8a2f4ccc5ae8419a535b/scipy-1.17.1-cp312-cp312-macosx_14_0_arm64.whl", hash = "sha256:cc90d2e9c7e5c7f1a482c9875007c095c3194b1cfedca3c2f3291cdc2bc7c086", size = 20344366 },
    { url = "https://files.pythonhosted.org/packages/35/f5/906eda513271c8deb5af284e5ef0206d17a96239af79f9fa0aebfe0e36b4/scipy-1.17.1-cp312-cp312-macosx_14_0_x86_64.whl", hash = "sha256:c80be5ede8f3f8eded4eff73cc99a25c388ce98e555b17d31da05287015ffa5b", size = 22704017 },
    { url = "https://files.pythonhosted.org/packages/da/34/16f10e3042d2f1d6b66e0428308ab52224b6a23049cb2f5c1756f713815f/scipy-1.17.1-cp312-cp312-manylinux_2_27_aarch64.manylinux_2_28_aarch64.whl", hash = "sha256:e19ebea31758fac5893a2ac360fedd00116cbb7628e650842a6691ba7ca28a21", size = 32927842 },
    { url = "https://files.pythonhosted.org/packages/01/8e/1e35281b8ab6d5d72ebe9911edcdffa3f36b04ed9d51dec6dd140396e220/scipy-1.17.1-cp312-cp312-manylinux_2_27_x86_64.manylinux_2_28_x86_64.whl", hash = "sha256:02ae3b274fde71c5e92ac4d54bc06c42d80e399fec704383dcd99b301df37458", size = 35235890 },
    { url = "https://files.pythonhosted.org/packages/c5/5c/9d7f4c88bea6e0d5a4f1bc0506a53a00e9fcb198de372bfe4d3652cef482/scipy-1.17.1-cp312-cp312-musllinux_1_2_aarch64.whl", hash = "sha256:8a604bae87c6195d8b1045eddece0514d041604b14f2727bbc2b3020172045eb", size = 35003557 },
    { url = "https://files.pythonhosted.org/packages/65/94/7698add8f276dbab7a9de9fb6b0e02fc13ee61d51c7c3f85ac28b65e1239/scipy-1.17.1-cp312-cp312-musllinux_1_2_x86_64.whl", hash = "sha256:f590cd684941912d10becc07325a3eeb77886fe981415660d9265c4c418d0bea", size = 37625856 },
    { url = "https://files.pythonhosted.org/packages/a2/84/dc08d77fbf3d87d3ee27f6a0c6dcce1de5829a64f2eae85a0ecc1f0daa73/scipy-1.17.1-cp312-cp312-win_amd64.whl", hash = "sha256:41b71f4a3a4cab9d366cd9065b288efc4d4f3c0b37a91a8e0947fb5bd7f31d87", size = 36549682 },
    { url = "https://files.pythonhosted.org/packages/bc/98/fe9ae9ffb3b54b62559f52dedaebe204b408db8109a8c66fdd04869e6424/scipy-1.17.1-cp312-cp312-win_arm64.whl", hash = "sha256:f4115102802df98b2b0db3cce5cb9b92572633a1197c77b7553e5203f284a5b3", size = 24547340 },
]

[[package]]
name = "tifffile"
version = "2026.3.3"
source = { registry = "https://pypi.org/simple" }
dependencies = [
    { name = "numpy" },
]
sdist = { url = "https://files.pythonhosted.org/packages/c5/cb/2f6d79c7576e22c116352a801f4c3c8ace5957e9aced862012430b62e14f/tifffile-2026.3.3.tar.gz", hash = "sha256:d9a1266bed6f2ee1dd0abde2018a38b4f8b2935cb843df381d70ac4eac5458b7", size = 388745 }
wheels = [
    { url = "https://files.pythonhosted.org/packages/1a/e4/e804505f87627cd8cdae9c010c47c4485fd8c1ce31a7dd0ab7fcc4707377/tifffile-2026.3.3-py3-none-any.whl", hash = "sha256:e8be15c94273113d31ecb7aa3a39822189dd11c4967e3cc88c178f1ad2fd1170", size = 243960 },
]

[[package]]
name = "win32-setctime"
version = "1.2.0"
source = { registry = "https://pypi.org/simple" }
sdist = { url = "https://files.pythonhosted.org/packages/b3/8f/705086c9d734d3b663af0e9bb3d4de6578d08f46b1b101c2442fd9aecaa2/win32_setctime-1.2.0.tar.gz", hash = "sha256:ae1fdf948f5640aae05c511ade119313fb6a30d7eabe25fef9764dca5873c4c0", size = 4867 }
wheels = [
    { url = "https://files.pythonhosted.org/packages/e1/07/c6fe3ad3e685340704d314d765b7912993bcb8dc198f0e7a89382d37974b/win32_setctime-1.2.0-py3-none-any.whl", hash = "sha256:95d644c4e708aba81dc3704a116d8cbc974d70b3bdb8be1d150e36be6e9d1390", size = 4083 },
]
