version = 1
requires-python = "==3.12.*"

[[package]]
name = "affine"
version = "2.4.0"
source = { registry = "https://pypi.org/simple" }
sdist = { url = "https://files.pythonhosted.org/packages/69/98/d2f0bb06385069e799fc7d2870d9e078cfa0fa396dc8a2b81227d0da08b9/affine-2.4.0.tar.gz", hash = "sha256:a24d818d6a836c131976d22f8c27b8d3ca32d0af64c1d8d29deb7bafa4da1eea", size = 17132 }
wheels = [
    { url = "https://files.pythonhosted.org/packages/0b/f7/85273299ab57117850cc0a936c64151171fac4da49bc6fba0dad984a7c5f/affine-2.4.0-py3-none-any.whl", hash = "sha256:8a3df80e2b2378aef598a83c1392efd47967afec4242021a0b06b4c7cbc61a92", size = 15662 },
]

[[package]]
name = "attrs"
version = "26.1.0"
source = { registry = "https://pypi.org/simple" }
sdist = { url = "https://files.pythonhosted.org/packages/9a/8e/82a0fe20a541c03148528be8cac2408564a6c9a0cc7e9171802bc1d26985/attrs-26.1.0.tar.gz", hash = "sha256:d03ceb89cb322a8fd706d4fb91940737b6642aa36998fe130a9bc96c985eff32", size = 952055 }
wheels = [
    { url = "https://files.pythonhosted.org/packages/64/b4/17d4b0b2a2dc85a6df63d1157e028ed19f90d4cd97c36717afef2bc2f395/attrs-26.1.0-py3-none-any.whl", hash = "sha256:c647aa4a12dfbad9333ca4e71fe62ddc36f4e63b2d260a37a8b83d2f043ac309", size = 67548 },
]

[[package]]
name = "certifi"
version = "2026.2.25"
source = { registry = "https://pypi.org/simple" }
sdist = { url = "https://files.pythonhosted.org/packages/af/2d/7bf41579a8986e348fa033a31cdd0e4121114f6bce2457e8876010b092dd/certifi-2026.2.25.tar.gz", hash = "sha256:e887ab5cee78ea814d3472169153c2d12cd43b14bd03329a39a9c6e2e80bfba7", size = 155029 }
wheels = [
    { url = "https://files.pythonhosted.org/packages/9a/3c/c17fb3ca2d9c3acff52e30b309f538586f9f5b9c9cf454f3845fc9af4881/certifi-2026.2.25-py3-none-any.whl", hash = "sha256:027692e4402ad994f1c42e52a4997a9763c646b73e4096e4d5d6db8af1d6f0fa", size = 153684 },
]

[[package]]
name = "click"
version = "8.2.1"
source = { registry = "https://pypi.org/simple" }
dependencies = [
    { name = "colorama", marker = "sys_platform == 'win32'" },
]
sdist = { url = "https://files.pythonhosted.org/packages/60/6c/8ca2efa64cf75a977a0d7fac081354553ebe483345c734fb6b6515d96bbc/click-8.2.1.tar.gz", hash = "sha256:27c491cc05d968d271d5a1db13e3b5a184636d9d930f148c50b038f0d0646202", size = 286342 }
wheels = [
    { url = "https://files.pythonhosted.org/packages/85/32/10bb5764d90a8eee674e9dc6f4db6a0ab47c8c4d0d83c27f7c39ac415a4d/click-8.2.1-py3-none-any.whl", hash = "sha256:61a3265b914e850b85317d0b3109c7f8cd35a670f963866005d6ef1d5175a12b", size = 102215 },
]

[[package]]
name = "click-plugins"
version = "1.1.1.2"
source = { registry = "https://pypi.org/simple" }
dependencies = [
    { name = "click" },
]
sdist = { url = "https://files.pythonhosted.org/packages/c3/a4/34847b59150da33690a36da3681d6bbc2ec14ee9a846bc30a6746e5984e4/click_plugins-1.1.1.2.tar.gz", hash = "sha256:d7af3984a99d243c131aa1a828331e7630f4a88a9741fd05c927b204bcf92261", size = 8343 }
wheels = [
    { url = "https://files.pythonhosted.org/packages/3d/9a/2abecb28ae875e39c8cad711eb1186d8d14eab564705325e77e4e6ab9ae5/click_plugins-1.1.1.2-py2.py3-none-any.whl", hash = "sha256:008d65743833ffc1f5417bf0e78e8d2c23aab04d9745ba817bd3e71b0feb6aa6", size = 11051 },
]

[[package]]
name = "cligj"
version = "0.7.2"
source = { registry = "https://pypi.org/simple" }
dependencies = [
    { name = "click" },
]
sdist = { url = "https://files.pythonhosted.org/packages/ea/0d/837dbd5d8430fd0f01ed72c4cfb2f548180f4c68c635df84ce87956cff32/cligj-0.7.2.tar.gz", hash = "sha256:a4bc13d623356b373c2c27c53dbd9c68cae5d526270bfa71f6c6fa69669c6b27", size = 9803 }
wheels = [
    { url = "https://files.pythonhosted.org/packages/73/86/43fa9f15c5b9fb6e82620428827cd3c284aa933431405d1bcf5231ae3d3e/cligj-0.7.2-py3-none-any.whl", hash = "sha256:c1ca117dbce1fe20a5809dc96f01e1c2840f6dcc939b3ddbb1111bf330ba82df", size = 7069 },
]

[[package]]
name = "colorama"
version = "0.4.6"
source = { registry = "https://pypi.org/simple" }
sdist = { url = "https://files.pythonhosted.org/packages/d8/53/6f443c9a4a8358a93a6792e2acffb9d9d5cb0a5cfd8802644b7b1c9a02e4/colorama-0.4.6.tar.gz", hash = "sha256:08695f5cb7ed6e0531a20572697297273c47b8cae5a63ffc6d6ed5c201be6e44", size = 27697 }
wheels = [
    { url = "https://files.pythonhosted.org/packages/d1/d6/3965ed04c63042e047cb6a3e6ed1a63a35087b6a609aa3a15ed8ac56c221/colorama-0.4.6-py2.py3-none-any.whl", hash = "sha256:4f1d9991f5acc0ca119f9d443620b77f9d6b33703e51011c16baf57afb285fc6", size = 25335 },
]

[[package]]
name = "loguru"
version = "0.7.3"
source = { registry = "https://pypi.org/simple" }
dependencies = [
    { name = "colorama", marker = "sys_platform == 'win32'" },
    { name = "win32-setctime", marker = "sys_platform == 'win32'" },
]
sdist = { url = "https://files.pythonhosted.org/packages/3a/05/a1dae3dffd1116099471c643b8924f5aa6524411dc6c63fdae648c4f1aca/loguru-0.7.3.tar.gz", hash = "sha256:19480589e77d47b8d85b2c827ad95d49bf31b0dcde16593892eb51dd18706eb6", size = 63559 }
wheels = [
    { url = "https://files.pythonhosted.org/packages/0c/29/0348de65b8cc732daa3e33e67806420b2ae89bdce2b04af740289c5c6c8c/loguru-0.7.3-py3-none-any.whl", hash = "sha256:31a33c10c8e1e10422bfd431aeb5d351c7cf7fa671e3c4df004162264b28220c", size = 61595 },
]

[[package]]
name = "numpy"
version = "2.4.3"
source = { registry = "https://pypi.org/simple" }
sdist = { url = "https://files.pythonhosted.org/packages/10/8b/c265f4823726ab832de836cdd184d0986dcf94480f81e8739692a7ac7af2/numpy-2.4.3.tar.gz", hash = "sha256:483a201202b73495f00dbc83796c6ae63137a9bdade074f7648b3e32613412dd", size = 20727743 }
wheels = [
    { url = "https://files.pythonhosted.org/packages/a9/ed/6388632536f9788cea23a3a1b629f25b43eaacd7d7377e5d6bc7b9deb69b/numpy-2.4.3-cp312-cp312-macosx_10_13_x86_64.whl", hash = "sha256:61b0cbabbb6126c8df63b9a3a0c4b1f44ebca5e12ff6997b80fcf267fb3150ef", size = 16669628 },
    { url = "https://files.pythonhosted.org/packages/74/1b/ee2abfc68e1ce728b2958b6ba831d65c62e1b13ce3017c13943f8f9b5b2e/numpy-2.4.3-cp312-cp312-macosx_11_0_arm64.whl", hash = "sha256:7395e69ff32526710748f92cd8c9849b361830968ea3e24a676f272653e8983e", size = 14696872 },
    { url = "https://files.pythonhosted.org/packages/ba/d1/780400e915ff5638166f11ca9dc2c5815189f3d7cf6f8759a1685e586413/numpy-2.4.3-cp312-cp312-macosx_14_0_arm64.whl", hash = "sha256:abdce0f71dcb4a00e4e77f3faf05e4616ceccfe72ccaa07f47ee79cda3b7b0f4", size = 5203489 },
    { url = "https://files.pythonhosted.org/packages/0b/bb/baffa907e9da4cc34a6e556d6d90e032f6d7a75ea47968ea92b4858826c4/numpy-2.4.3-cp312-cp312-macosx_14_0_x86_64.whl", hash = "sha256:48da3a4ee1336454b07497ff7ec83903efa5505792c4e6d9bf83d99dc07a1e18", size = 6550814 },
    { url = "https://files.pythonhosted.org/packages/7b/12/8c9f0c6c95f76aeb20fc4a699c33e9f827fa0d0f857747c73bb7b17af945/numpy-2.4.3-cp312-cp312-manylinux_2_27_aarch64.manylinux_2_28_aarch64.whl", hash = "sha256:32e3bef222ad6b052280311d1d60db8e259e4947052c3ae7dd6817451fc8a4c5", size = 15666601 },
    { url = "https://files.pythonhosted.org/packages/bd/79/cc665495e4d57d0aa6fbcc0aa57aa82671dfc78fbf95fe733ed86d98f52a/numpy-2.4.3-cp312-cp312-manylinux_2_27_x86_64.manylinux_2_28_x86_64.whl", hash = "sha256:e7dd01a46700b1967487141a66ac1a3cf0dd8ebf1f08db37d46389401512ca97", size = 16621358 },
    { url = "https://files.pythonhosted.org/packages/a8/40/b4ecb7224af1065c3539f5ecfff879d090de09608ad1008f02c05c770cb3/numpy-2.4.3-cp312-cp312-musllinux_1_2_aarch64.whl", hash = "sha256:76f0f283506c28b12bba319c0fab98217e9f9b54e6160e9c79e9f7348ba32e9c", size = 17016135 },
    { url = "https://files.pythonhosted.org/packages/f7/b1/6a88e888052eed951afed7a142dcdf3b149a030ca59b4c71eef085858e43/numpy-2.4.3-cp312-cp312-musllinux_1_2_x86_64.whl", hash = "sha256:737f630a337364665aba3b5a77e56a68cc42d350edd010c345d65a3efa3addcc", size = 18345816 },
    { url = "https://files.pythonhosted.org/packages/f3/8f/103a60c5f8c3d7fc678c19cd7b2476110da689ccb80bc18050efbaeae183/numpy-2.4.3-cp312-cp312-win32.whl", hash = "sha256:26952e18d82a1dbbc2f008d402021baa8d6fc8e84347a2072a25e08b46d698b9", size = 5960132 },
    { url = "https://files.pythonhosted.org/packages/d7/7c/f5ee1bf6ed888494978046a809df2882aad35d414b622893322df7286879/numpy-2.4.3-cp312-cp312-win_amd64.whl", hash = "sha256:65f3c2455188f09678355f5cae1f959a06b778bc66d535da07bf2ef20cd319d5", size = 12316144 },
    { url = "https://files.pythonhosted.org/packages/71/46/8d1cb3f7a00f2fb6394140e7e6623696e54c6318a9d9691bb4904672cf42/numpy-2.4.3-cp312-cp312-win_arm64.whl", hash = "sha256:2abad5c7fef172b3377502bde47892439bae394a71bc329f31df0fd829b41a9e", size = 10220364 },
]

[[package]]
name = "pyparsing"
version = "3.3.2"
source = { registry = "https://pypi.org/simple" }
sdist = { url = "https://files.pythonhosted.org/packages/f3/91/9c6ee907786a473bf81c5f53cf703ba0957b23ab84c264080fb5a450416f/pyparsing-3.3.2.tar.gz", hash = "sha256:c777f4d763f140633dcb6d8a3eda953bf7a214dc4eff598413c070bcdc117cbc", size = 6851574 }
wheels = [
    { url = "https://files.pythonhosted.org/packages/10/bd/c038d7cc38edc1aa5bf91ab8068b63d4308c66c4c8bb3cbba7dfbc049f9c/pyparsing-3.3.2-py3-none-any.whl", hash = "sha256:850ba148bd908d7e2411587e247a1e4f0327839c40e2e5e6d05a007ecc69911d", size = 122781 },
]

[[package]]
name = "pystac"
version = "1.13.0"
source = { registry = "https://pypi.org/simple" }
dependencies = [
    { name = "python-dateutil" },
]
sdist = { url = "https://files.pythonhosted.org/packages/59/52/a2f882be13f3947f4e3330d59926d844f3a9c2eb07e1391c3f90ab4653eb/pystac-1.13.0.tar.gz", hash = "sha256:9e5d908a390eed800228a956d7f3577c8f0cbac49806aaa0b14b7c4e06520b8c", size = 162558 }
wheels = [
    { url = "https://files.pythonhosted.org/packages/0f/7c/1b361a24d3087cd922ec1f6dfe02f230507d800ada3f922532f1f906a09e/pystac-1.13.0-py3-none-any.whl", hash = "sha256:fa22cc04e58bbbc22c8d049e715a37ab803802d8d1334afc48e6eab64c5946e4", size = 206821 },
]

[[package]]
name = "python-dateutil"
version = "2.9.0.post0"
source = { registry = "https://pypi.org/simple" }
dependencies = [
    { name = "six" },
]
sdist = { url = "https://files.pythonhosted.org/packages/66/c0/0c8b6ad9f17a802ee498c46e004a0eb49bc148f2fd230864601a86dcf6db/python-dateutil-2.9.0.post0.tar.gz", hash = "sha256:37dd54208da7e1cd875388217d5e00ebd4179249f90fb72437e91a35459a0ad3", size = 342432 }
wheels = [
    { url = "https://files.pythonhosted.org/packages/ec/57/56b9bcc3c9c6a792fcbaf139543cee77261f3651ca9da0c93f5c1221264b/python_dateutil-2.9.0.post0-py2.py3-none-any.whl", hash = "sha256:a8b2bc7bffae282281c8140a97d3aa9c14da0b136dfe83f850eea9a5f7470427", size = 229892 },
]

[[package]]
name = "rasterio"
version = "1.4.3"
source = { registry = "https://pypi.org/simple" }
dependencies = [
    { name = "affine" },
    { name = "attrs" },
    { name = "certifi" },
    { name = "click" },
    { name = "click-plugins" },
    { name = "cligj" },
    { name = "numpy" },
    { name = "pyparsing" },
]
sdist = { url = "https://files.pythonhosted.org/packages/de/19/ab4326e419b543da623ce4191f68e3f36a4d9adc64f3df5c78f044d8d9ca/rasterio-1.4.3.tar.gz", hash = "sha256:201f05dbc7c4739dacb2c78a1cf4e09c0b7265b0a4d16ccbd1753ce4f2af350a", size = 442990 }
wheels = [
    { url = "https://files.pythonhosted.org/packages/5a/f2/b7417292ceace70d815760f7e41fe5b0244ebff78ede11b1ffa9ca01c370/rasterio-1.4.3-cp312-cp312-macosx_10_15_x86_64.whl", hash = "sha256:e703e4b2c74c678786d5d110a3f30e26f3acfd65f09ccf35f69683a532f7a772", size = 21514543 },
    { url = "https://files.pythonhosted.org/packages/b2/ea/e21010457847b26bb4aea3983e9b44afbcefef07defc5e9a3285a8fe2f0c/rasterio-1.4.3-cp312-cp312-macosx_14_0_arm64.whl", hash = "sha256:38a126f8dbf405cd3450b5bd10c6cc493a2e1be4cf83442d26f5e4f412372d36", size = 18735924 },
    { url = "https://files.pythonhosted.org/packages/67/72/331727423b28fffdfd8bf18bdc55c18d374c0fefd2dde390cd833f8f4477/rasterio-1.4.3-cp312-cp312-manylinux_2_17_x86_64.manylinux2014_x86_64.whl", hash = "sha256:8e90c2c300294265c16becc9822337ded0f01fb8664500b4d77890d633d8cd0e", size = 22251721 },
    { url = "https://files.pythonhosted.org/packages/be/cc/453816b489af94b9a243eda889865973d518989ba6923b2381f6d6722b43/rasterio-1.4.3-cp312-cp312-win_amd64.whl", hash = "sha256:a962ad4c29feaf38b1d7a94389313127de3646a5b9b734fbf9a04e16051a27ff", size = 25430154 },
]

[[package]]
name = "rio-stac"
version = "0.11.2"
source = { registry = "https://pypi.org/simple" }
dependencies = [
    { name = "pystac" },
    { name = "rasterio" },
]
sdist = { url = "https://files.pythonhosted.org/packages/82/62/8b4c57a56c0823907bd73d4ecfed90c160cdcca7d2a0af6144cd8a52770b/rio_stac-0.11.2.tar.gz", hash = "sha256:cd5dcd938c4e7b84ab811cda6527db4b7acf5b6ed8dd5e672cc5cba33fd55886", size = 13988 }
wheels = [
    { url = "https://files.pythonhosted.org/packages/10/cf/0fd88a37ef1fda474641b0338d2872a14e978096e57cf490cef508af0911/rio_stac-0.11.2-py3-none-any.whl", hash = "sha256:34eaaae9e6501a84b8ae39118f84091c2af97998aa8e8f8dafac6726829e57b9", size = 11768 },
]

[[package]]
name = "six"
version = "1.17.0"
source = { registry = "https://pypi.org/simple" }
sdist = { url = "https://files.pythonhosted.org/packages/94/e7/b2c673351809dca68a0e064b6af791aa332cf192da575fd474ed7d6f16a2/six-1.17.0.tar.gz", hash = "sha256:ff70335d468e7eb6ec65b95b99d3a2836546063f63acc5171de367e834932a81", size = 34031 }
wheels = [
    { url = "https://files.pythonhosted.org/packages/b7/ce/149a00dd41f10bc29e5921b496af8b574d8413afcd5e30dfa0ed46c2cc5e/six-1.17.0-py2.py3-none-any.whl", hash = "sha256:4721f391ed90541fddacab5acf947aa0d3dc7d27b2e1e8eda2be8970586c3274", size = 11050 },
]

[[package]]
name = "stac-collection"
version = "0.4.0"
source = { editable = "." }
dependencies = [
    { name = "click" },
    { name = "loguru" },
    { name = "pystac" },
    { name = "rio-stac" },
]

[package.metadata]
requires-dist = [
    { name = "click", specifier = "==8.2.1" },
    { name = "loguru", specifier = "==0.7.3" },
    { name = "pystac", specifier = "==1.13.0" },
    { name = "rio-stac", specifier = "==0.11.2" },
]

[[package]]
name = "win32-setctime"
version = "1.2.0"
source = { registry = "https://pypi.org/simple" }
sdist = { url = "https://files.pythonhosted.org/packages/b3/8f/705086c9d734d3b663af0e9bb3d4de6578d08f46b1b101c2442fd9aecaa2/win32_setctime-1.2.0.tar.gz", hash = "sha256:ae1fdf948f5640aae05c511ade119313fb6a30d7eabe25fef9764dca5873c4c0", size = 4867 }
wheels = [
    { url = "https://files.pythonhosted.org/packages/e1/07/c6fe3ad3e685340704d314d765b7912993bcb8dc198f0e7a89382d37974b/win32_setctime-1.2.0-py3-none-any.whl", hash = "sha256:95d644c4e708aba81dc3704a116d8cbc974d70b3bdb8be1d150e36be6e9d1390", size = 4083 },
]
